
Microsoft Visual Studio Solution File, Format Version 12.00
# Visual Studio Version 17
VisualStudioVersion = 17.3.32721.290
MinimumVisualStudioVersion = 10.0.40219.1
Project("{9A19103F-16F7-4668-BE54-9A1E7A4F7556}") = "TestOptimisation", "TestOptimisation\TestOptimisation.csproj", "{89E28457-75C7-4FBF-BF64-B1C66D81B378}"
EndProject
Project("{9A19103F-16F7-4668-BE54-9A1E7A4F7556}") = "Model", "Model\Model.csproj", "{B2C3126D-27BA-4FFB-924D-FFFDF7E43B71}"
EndProject
Global
	GlobalSection(SolutionConfigurationPlatforms) = preSolution
		Debug|Any CPU = Debug|Any CPU
		Release|Any CPU = Release|Any CPU
	EndGlobalSection
	GlobalSection(ProjectConfigurationPlatforms) = postSolution
		{89E28457-75C7-4FBF-BF64-B1C66D81B378}.Debug|Any CPU.ActiveCfg = Debug|Any CPU
		{89E28457-75C7-4FBF-BF64-B1C66D81B378}.Debug|Any CPU.Build.0 = Debug|Any CPU
		{89E28457-75C7-4FBF-BF64-B1C66D81B378}.Release|Any CPU.ActiveCfg = Release|Any CPU
		{89E28457-75C7-4FBF-BF64-B1C66D81B378}.Release|Any CPU.Build.0 = Release|Any CPU
		{B2C3126D-27BA-4FFB-924D-FFFDF7E43B71}.Debug|Any CPU.ActiveCfg = Debug|Any CPU
		{B2C3126D-27BA-4FFB-924D-FFFDF7E43B71}.Debug|Any CPU.Build.0 = Debug|Any CPU
		{B2C3126D-27BA-4FFB-924D-FFFDF7E43B71}.Release|Any CPU.ActiveCfg = Release|Any CPU
		{B2C3126D-27BA-4FFB-924D-FFFDF7E43B71}.Release|Any CPU.Build.0 = Release|Any CPU
	EndGlobalSection
	GlobalSection(SolutionProperties) = preSolution
		HideSolutionNode = FALSE
	EndGlobalSection
	GlobalSection(ExtensibilityGlobals) = postSolution
		SolutionGuid = {ABFCAD98-5586-4929-A85E-7C87B5978A89}
	EndGlobalSection
EndGlobal
